
Microsoft Visual Studio Solution File, Format Version 12.00
# Visual Studio 15
VisualStudioVersion = 15.0.28010.2036
MinimumVisualStudioVersion = 10.0.40219.1
Project("{9A19103F-16F7-4668-BE54-9A1E7A4F7556}") = "Opendata.UnitTest", "test\Opendata.UnitTest\Opendata.UnitTest.csproj", "{D50AAF12-318E-44A0-9777-F3A519F6CBE1}"
EndProject
Project("{9A19103F-16F7-4668-BE54-9A1E7A4F7556}") = "Opendata.ConsoleDebugger", "test\Opendata.ConsoleDebugger\Opendata.ConsoleDebugger.csproj", "{E0C8178D-9047-405A-80B9-1B023D030E1B}"
EndProject
Project("{9A19103F-16F7-4668-BE54-9A1E7A4F7556}") = "Opendata", "src\Opendata.cwb.gov.tw\Opendata.csproj", "{C5EF4187-5D0A-487F-A8AD-D4B69CD19789}"
EndProject
Global
	GlobalSection(SolutionConfigurationPlatforms) = preSolution
		Debug|Any CPU = Debug|Any CPU
		Release|Any CPU = Release|Any CPU
	EndGlobalSection
	GlobalSection(ProjectConfigurationPlatforms) = postSolution
		{D50AAF12-318E-44A0-9777-F3A519F6CBE1}.Debug|Any CPU.ActiveCfg = Debug|Any CPU
		{D50AAF12-318E-44A0-9777-F3A519F6CBE1}.Debug|Any CPU.Build.0 = Debug|Any CPU
		{D50AAF12-318E-44A0-9777-F3A519F6CBE1}.Release|Any CPU.ActiveCfg = Release|Any CPU
		{D50AAF12-318E-44A0-9777-F3A519F6CBE1}.Release|Any CPU.Build.0 = Release|Any CPU
		{E0C8178D-9047-405A-80B9-1B023D030E1B}.Debug|Any CPU.ActiveCfg = Debug|Any CPU
		{E0C8178D-9047-405A-80B9-1B023D030E1B}.Debug|Any CPU.Build.0 = Debug|Any CPU
		{E0C8178D-9047-405A-80B9-1B023D030E1B}.Release|Any CPU.ActiveCfg = Release|Any CPU
		{E0C8178D-9047-405A-80B9-1B023D030E1B}.Release|Any CPU.Build.0 = Release|Any CPU
		{C5EF4187-5D0A-487F-A8AD-D4B69CD19789}.Debug|Any CPU.ActiveCfg = Debug|Any CPU
		{C5EF4187-5D0A-487F-A8AD-D4B69CD19789}.Debug|Any CPU.Build.0 = Debug|Any CPU
		{C5EF4187-5D0A-487F-A8AD-D4B69CD19789}.Release|Any CPU.ActiveCfg = Release|Any CPU
		{C5EF4187-5D0A-487F-A8AD-D4B69CD19789}.Release|Any CPU.Build.0 = Release|Any CPU
	EndGlobalSection
	GlobalSection(SolutionProperties) = preSolution
		HideSolutionNode = FALSE
	EndGlobalSection
	GlobalSection(ExtensibilityGlobals) = postSolution
		SolutionGuid = {8DF556C5-7A07-4F79-A7E7-AB8655B53B19}
	EndGlobalSection
EndGlobal
