
Microsoft Visual Studio Solution File, Format Version 12.00
# Visual Studio 15
VisualStudioVersion = 15.0.28010.2036
MinimumVisualStudioVersion = 10.0.40219.1
Project("{9A19103F-16F7-4668-BE54-9A1E7A4F7556}") = "Opendata.cwb.gov.tw", "src\Opendata.cwb.gov.tw\Opendata.cwb.gov.tw.csproj", "{C40961EE-3C21-4474-AF1A-B04D1F9F1FFB}"
EndProject
Project("{FAE04EC0-301F-11D3-BF4B-00C04F79EFBC}") = "Opendata.cwb.gov.tw.ConsoleDebugger", "test\Opendata.cwb.gov.tw.ConsoleDebugger\Opendata.cwb.gov.tw.ConsoleDebugger.csproj", "{7C0729F0-96A4-471A-8B1F-C38CE5C9B79B}"
EndProject
Global
	GlobalSection(SolutionConfigurationPlatforms) = preSolution
		Debug|Any CPU = Debug|Any CPU
		Release|Any CPU = Release|Any CPU
	EndGlobalSection
	GlobalSection(ProjectConfigurationPlatforms) = postSolution
		{C40961EE-3C21-4474-AF1A-B04D1F9F1FFB}.Debug|Any CPU.ActiveCfg = Debug|Any CPU
		{C40961EE-3C21-4474-AF1A-B04D1F9F1FFB}.Debug|Any CPU.Build.0 = Debug|Any CPU
		{C40961EE-3C21-4474-AF1A-B04D1F9F1FFB}.Release|Any CPU.ActiveCfg = Release|Any CPU
		{C40961EE-3C21-4474-AF1A-B04D1F9F1FFB}.Release|Any CPU.Build.0 = Release|Any CPU
		{7C0729F0-96A4-471A-8B1F-C38CE5C9B79B}.Debug|Any CPU.ActiveCfg = Debug|Any CPU
		{7C0729F0-96A4-471A-8B1F-C38CE5C9B79B}.Debug|Any CPU.Build.0 = Debug|Any CPU
		{7C0729F0-96A4-471A-8B1F-C38CE5C9B79B}.Release|Any CPU.ActiveCfg = Release|Any CPU
		{7C0729F0-96A4-471A-8B1F-C38CE5C9B79B}.Release|Any CPU.Build.0 = Release|Any CPU
	EndGlobalSection
	GlobalSection(SolutionProperties) = preSolution
		HideSolutionNode = FALSE
	EndGlobalSection
	GlobalSection(ExtensibilityGlobals) = postSolution
		SolutionGuid = {8DF556C5-7A07-4F79-A7E7-AB8655B53B19}
	EndGlobalSection
EndGlobal
